
Microsoft Visual Studio Solution File, Format Version 12.00
# Visual Studio Version 16
VisualStudioVersion = 16.0.29025.244
MinimumVisualStudioVersion = 10.0.40219.1
Project("{FAE04EC0-301F-11D3-BF4B-00C04F79EFBC}") = "LOGINWPF2.0", "LOGINWPF2.0.csproj", "{D2479A8F-70FA-4B46-8B42-842E136BBEC9}"
EndProject
Global
	GlobalSection(SolutionConfigurationPlatforms) = preSolution
		Debug|Any CPU = Debug|Any CPU
		Release|Any CPU = Release|Any CPU
	EndGlobalSection
	GlobalSection(ProjectConfigurationPlatforms) = postSolution
		{D2479A8F-70FA-4B46-8B42-842E136BBEC9}.Debug|Any CPU.ActiveCfg = Debug|Any CPU
		{D2479A8F-70FA-4B46-8B42-842E136BBEC9}.Debug|Any CPU.Build.0 = Debug|Any CPU
		{D2479A8F-70FA-4B46-8B42-842E136BBEC9}.Release|Any CPU.ActiveCfg = Release|Any CPU
		{D2479A8F-70FA-4B46-8B42-842E136BBEC9}.Release|Any CPU.Build.0 = Release|Any CPU
	EndGlobalSection
	GlobalSection(SolutionProperties) = preSolution
		HideSolutionNode = FALSE
	EndGlobalSection
	GlobalSection(ExtensibilityGlobals) = postSolution
		SolutionGuid = {92E62D99-3A51-4C64-BB31-AC95D9ABFFF3}
	EndGlobalSection
EndGlobal
